
Microsoft Visual Studio Solution File, Format Version 12.00
# Visual Studio Version 17
VisualStudioVersion = 17.9.34714.143
MinimumVisualStudioVersion = 10.0.40219.1
Project("{888888A0-9F3D-457C-B088-3A5042F75D52}") = "az-204-web-app-2", "az-204-web-app-2.pyproj", "{64329FF9-E322-49CB-AD19-F31DF54B906C}"
EndProject
Global
	GlobalSection(SolutionConfigurationPlatforms) = preSolution
		Debug|Any CPU = Debug|Any CPU
		Release|Any CPU = Release|Any CPU
	EndGlobalSection
	GlobalSection(ProjectConfigurationPlatforms) = postSolution
		{64329FF9-E322-49CB-AD19-F31DF54B906C}.Debug|Any CPU.ActiveCfg = Debug|Any CPU
		{64329FF9-E322-49CB-AD19-F31DF54B906C}.Debug|Any CPU.Build.0 = Debug|Any CPU
		{64329FF9-E322-49CB-AD19-F31DF54B906C}.Release|Any CPU.ActiveCfg = Release|Any CPU
		{64329FF9-E322-49CB-AD19-F31DF54B906C}.Release|Any CPU.Build.0 = Release|Any CPU
	EndGlobalSection
	GlobalSection(SolutionProperties) = preSolution
		HideSolutionNode = FALSE
	EndGlobalSection
	GlobalSection(ExtensibilityGlobals) = postSolution
		SolutionGuid = {E9E54263-8500-431E-9326-B86B35633026}
	EndGlobalSection
EndGlobal
