
Microsoft Visual Studio Solution File, Format Version 12.00
# Visual Studio Version 17
VisualStudioVersion = 17.9.34714.143
MinimumVisualStudioVersion = 10.0.40219.1
Project("{FAE04EC0-301F-11D3-BF4B-00C04F79EFBC}") = "az-204-web-app-2", "az-204-web-app-2.csproj", "{A20BE316-B755-4B7E-9B89-0D55B00966BD}"
EndProject
Global
	GlobalSection(SolutionConfigurationPlatforms) = preSolution
		Debug|Any CPU = Debug|Any CPU
		Release|Any CPU = Release|Any CPU
	EndGlobalSection
	GlobalSection(ProjectConfigurationPlatforms) = postSolution
		{A20BE316-B755-4B7E-9B89-0D55B00966BD}.Debug|Any CPU.ActiveCfg = Debug|Any CPU
		{A20BE316-B755-4B7E-9B89-0D55B00966BD}.Debug|Any CPU.Build.0 = Debug|Any CPU
		{A20BE316-B755-4B7E-9B89-0D55B00966BD}.Release|Any CPU.ActiveCfg = Release|Any CPU
		{A20BE316-B755-4B7E-9B89-0D55B00966BD}.Release|Any CPU.Build.0 = Release|Any CPU
	EndGlobalSection
	GlobalSection(SolutionProperties) = preSolution
		HideSolutionNode = FALSE
	EndGlobalSection
	GlobalSection(ExtensibilityGlobals) = postSolution
		SolutionGuid = {518FC99B-1EF6-44A9-BADC-C54BB768CCC9}
	EndGlobalSection
EndGlobal
